
Microsoft Visual Studio Solution File, Format Version 12.00
# Visual Studio 15
VisualStudioVersion = 15.0.26124.0
MinimumVisualStudioVersion = 15.0.26124.0
Project("{FAE04EC0-301F-11D3-BF4B-00C04F79EFBC}") = "PlutoRover", "PlutoRover\PlutoRover.csproj", "{602A5BF7-E20E-4237-910B-B88B3D8887C2}"
EndProject
Project("{FAE04EC0-301F-11D3-BF4B-00C04F79EFBC}") = "PlutoRover.Tests", "PlutoRover.Tests\PlutoRover.Tests.csproj", "{3DF27F28-AD7D-44D9-BD1F-666C48B86B4C}"
EndProject
Global
	GlobalSection(SolutionConfigurationPlatforms) = preSolution
		Debug|Any CPU = Debug|Any CPU
		Debug|x64 = Debug|x64
		Debug|x86 = Debug|x86
		Release|Any CPU = Release|Any CPU
		Release|x64 = Release|x64
		Release|x86 = Release|x86
	EndGlobalSection
	GlobalSection(SolutionProperties) = preSolution
		HideSolutionNode = FALSE
	EndGlobalSection
	GlobalSection(ProjectConfigurationPlatforms) = postSolution
		{602A5BF7-E20E-4237-910B-B88B3D8887C2}.Debug|Any CPU.ActiveCfg = Debug|Any CPU
		{602A5BF7-E20E-4237-910B-B88B3D8887C2}.Debug|Any CPU.Build.0 = Debug|Any CPU
		{602A5BF7-E20E-4237-910B-B88B3D8887C2}.Debug|x64.ActiveCfg = Debug|x64
		{602A5BF7-E20E-4237-910B-B88B3D8887C2}.Debug|x64.Build.0 = Debug|x64
		{602A5BF7-E20E-4237-910B-B88B3D8887C2}.Debug|x86.ActiveCfg = Debug|x86
		{602A5BF7-E20E-4237-910B-B88B3D8887C2}.Debug|x86.Build.0 = Debug|x86
		{602A5BF7-E20E-4237-910B-B88B3D8887C2}.Release|Any CPU.ActiveCfg = Release|Any CPU
		{602A5BF7-E20E-4237-910B-B88B3D8887C2}.Release|Any CPU.Build.0 = Release|Any CPU
		{602A5BF7-E20E-4237-910B-B88B3D8887C2}.Release|x64.ActiveCfg = Release|x64
		{602A5BF7-E20E-4237-910B-B88B3D8887C2}.Release|x64.Build.0 = Release|x64
		{602A5BF7-E20E-4237-910B-B88B3D8887C2}.Release|x86.ActiveCfg = Release|x86
		{602A5BF7-E20E-4237-910B-B88B3D8887C2}.Release|x86.Build.0 = Release|x86
		{3DF27F28-AD7D-44D9-BD1F-666C48B86B4C}.Debug|Any CPU.ActiveCfg = Debug|Any CPU
		{3DF27F28-AD7D-44D9-BD1F-666C48B86B4C}.Debug|Any CPU.Build.0 = Debug|Any CPU
		{3DF27F28-AD7D-44D9-BD1F-666C48B86B4C}.Debug|x64.ActiveCfg = Debug|x64
		{3DF27F28-AD7D-44D9-BD1F-666C48B86B4C}.Debug|x64.Build.0 = Debug|x64
		{3DF27F28-AD7D-44D9-BD1F-666C48B86B4C}.Debug|x86.ActiveCfg = Debug|x86
		{3DF27F28-AD7D-44D9-BD1F-666C48B86B4C}.Debug|x86.Build.0 = Debug|x86
		{3DF27F28-AD7D-44D9-BD1F-666C48B86B4C}.Release|Any CPU.ActiveCfg = Release|Any CPU
		{3DF27F28-AD7D-44D9-BD1F-666C48B86B4C}.Release|Any CPU.Build.0 = Release|Any CPU
		{3DF27F28-AD7D-44D9-BD1F-666C48B86B4C}.Release|x64.ActiveCfg = Release|x64
		{3DF27F28-AD7D-44D9-BD1F-666C48B86B4C}.Release|x64.Build.0 = Release|x64
		{3DF27F28-AD7D-44D9-BD1F-666C48B86B4C}.Release|x86.ActiveCfg = Release|x86
		{3DF27F28-AD7D-44D9-BD1F-666C48B86B4C}.Release|x86.Build.0 = Release|x86
	EndGlobalSection
EndGlobal
